
Microsoft Visual Studio Solution File, Format Version 12.00
# Visual Studio Version 17
VisualStudioVersion = 17.0.31903.59
MinimumVisualStudioVersion = 10.0.40219.1
Project("{FAE04EC0-301F-11D3-BF4B-00C04F79EFBC}") = "Hello_world_app.web", "Hello_world_app.web\Hello_world_app.web.csproj", "{FA037356-2725-4704-89A5-0AB9CFB556FD}"
EndProject
Global
	GlobalSection(SolutionConfigurationPlatforms) = preSolution
		Debug|Any CPU = Debug|Any CPU
		Release|Any CPU = Release|Any CPU
	EndGlobalSection
	GlobalSection(SolutionProperties) = preSolution
		HideSolutionNode = FALSE
	EndGlobalSection
	GlobalSection(ProjectConfigurationPlatforms) = postSolution
		{FA037356-2725-4704-89A5-0AB9CFB556FD}.Debug|Any CPU.ActiveCfg = Debug|Any CPU
		{FA037356-2725-4704-89A5-0AB9CFB556FD}.Debug|Any CPU.Build.0 = Debug|Any CPU
		{FA037356-2725-4704-89A5-0AB9CFB556FD}.Release|Any CPU.ActiveCfg = Release|Any CPU
		{FA037356-2725-4704-89A5-0AB9CFB556FD}.Release|Any CPU.Build.0 = Release|Any CPU
	EndGlobalSection
EndGlobal
